
Microsoft Visual Studio Solution File, Format Version 12.00
# Visual Studio Version 16
VisualStudioVersion = 16.0.30523.141
MinimumVisualStudioVersion = 10.0.40219.1
Project("{9A19103F-16F7-4668-BE54-9A1E7A4F7556}") = "JWTWebAPI_Dion", "JWTWebAPI_Dion\JWTWebAPI_Dion.csproj", "{23C15354-86E3-4387-BBB2-9389A70275D7}"
EndProject
Project("{9A19103F-16F7-4668-BE54-9A1E7A4F7556}") = "ASPNetWebClient_Dion", "ASPNetWebClient_Dion\ASPNetWebClient_Dion.csproj", "{3B37B147-3E8C-4E37-AA84-C85A93BC3993}"
EndProject
Global
	GlobalSection(SolutionConfigurationPlatforms) = preSolution
		Debug|Any CPU = Debug|Any CPU
		Release|Any CPU = Release|Any CPU
	EndGlobalSection
	GlobalSection(ProjectConfigurationPlatforms) = postSolution
		{23C15354-86E3-4387-BBB2-9389A70275D7}.Debug|Any CPU.ActiveCfg = Debug|Any CPU
		{23C15354-86E3-4387-BBB2-9389A70275D7}.Debug|Any CPU.Build.0 = Debug|Any CPU
		{23C15354-86E3-4387-BBB2-9389A70275D7}.Release|Any CPU.ActiveCfg = Release|Any CPU
		{23C15354-86E3-4387-BBB2-9389A70275D7}.Release|Any CPU.Build.0 = Release|Any CPU
		{3B37B147-3E8C-4E37-AA84-C85A93BC3993}.Debug|Any CPU.ActiveCfg = Debug|Any CPU
		{3B37B147-3E8C-4E37-AA84-C85A93BC3993}.Debug|Any CPU.Build.0 = Debug|Any CPU
		{3B37B147-3E8C-4E37-AA84-C85A93BC3993}.Release|Any CPU.ActiveCfg = Release|Any CPU
		{3B37B147-3E8C-4E37-AA84-C85A93BC3993}.Release|Any CPU.Build.0 = Release|Any CPU
	EndGlobalSection
	GlobalSection(SolutionProperties) = preSolution
		HideSolutionNode = FALSE
	EndGlobalSection
	GlobalSection(ExtensibilityGlobals) = postSolution
		SolutionGuid = {8F6BF8AD-9EE1-43A9-AD4F-3A315A2D90C1}
	EndGlobalSection
EndGlobal
