
Microsoft Visual Studio Solution File, Format Version 12.00
# Visual Studio Version 16
VisualStudioVersion = 16.0.30523.141
MinimumVisualStudioVersion = 10.0.40219.1
Project("{FAE04EC0-301F-11D3-BF4B-00C04F79EFBC}") = "JWTWeb31", "JWTWeb31\JWTWeb31.csproj", "{86AAE083-F70C-4865-BC07-6DE6181015B3}"
EndProject
Global
	GlobalSection(SolutionConfigurationPlatforms) = preSolution
		Debug|Any CPU = Debug|Any CPU
		Release|Any CPU = Release|Any CPU
	EndGlobalSection
	GlobalSection(ProjectConfigurationPlatforms) = postSolution
		{86AAE083-F70C-4865-BC07-6DE6181015B3}.Debug|Any CPU.ActiveCfg = Debug|Any CPU
		{86AAE083-F70C-4865-BC07-6DE6181015B3}.Debug|Any CPU.Build.0 = Debug|Any CPU
		{86AAE083-F70C-4865-BC07-6DE6181015B3}.Release|Any CPU.ActiveCfg = Release|Any CPU
		{86AAE083-F70C-4865-BC07-6DE6181015B3}.Release|Any CPU.Build.0 = Release|Any CPU
	EndGlobalSection
	GlobalSection(SolutionProperties) = preSolution
		HideSolutionNode = FALSE
	EndGlobalSection
	GlobalSection(ExtensibilityGlobals) = postSolution
		SolutionGuid = {B2FAA2AB-500D-47FC-AA11-2541C93286AE}
	EndGlobalSection
EndGlobal
